// !$*UTF8*$!
{
	archiveVersion = 1;
	classes = {
	};
	objectVersion = 56;
	objects = {

/* Begin PBXBuildFile section */
		CE01E34C2BEB872C005F4912 /* Notes.xcdatamodeld in Sources */ = {isa = PBXBuildFile; fileRef = CE01E34A2BEB872C005F4912 /* Notes.xcdatamodeld */; };
		CE01E34F2BEB894C005F4912 /* Note+CoreDataClass.swift in Sources */ = {isa = PBXBuildFile; fileRef = CE01E34D2BEB894C005F4912 /* Note+CoreDataClass.swift */; };
		CE01E3502BEB894C005F4912 /* Note+CoreDataProperties.swift in Sources */ = {isa = PBXBuildFile; fileRef = CE01E34E2BEB894C005F4912 /* Note+CoreDataProperties.swift */; };
		CE01E3542BEB8A7C005F4912 /* CoreDataService.swift in Sources */ = {isa = PBXBuildFile; fileRef = CE01E3532BEB8A7C005F4912 /* CoreDataService.swift */; };
		CE01E3572BEB8B36005F4912 /* NoteView.swift in Sources */ = {isa = PBXBuildFile; fileRef = CE01E3562BEB8B36005F4912 /* NoteView.swift */; };
		CE01E3592BEB8B44005F4912 /* NoteController.swift in Sources */ = {isa = PBXBuildFile; fileRef = CE01E3582BEB8B44005F4912 /* NoteController.swift */; };
		CE01E35B2BEB8B51005F4912 /* NoteModel.swift in Sources */ = {isa = PBXBuildFile; fileRef = CE01E35A2BEB8B51005F4912 /* NoteModel.swift */; };
		CE3BF4002BE00195009AC076 /* SettingsCell.swift in Sources */ = {isa = PBXBuildFile; fileRef = CE3BF3FF2BE00195009AC076 /* SettingsCell.swift */; };
		CE3BF4022BE001B3009AC076 /* SettingsController.swift in Sources */ = {isa = PBXBuildFile; fileRef = CE3BF4012BE001B3009AC076 /* SettingsController.swift */; };
		CE3BF4042BE001C9009AC076 /* SettingsModel.swift in Sources */ = {isa = PBXBuildFile; fileRef = CE3BF4032BE001C9009AC076 /* SettingsModel.swift */; };
		CE4CFB4E2BE6787500E1FC75 /* OnBoardingView.swift in Sources */ = {isa = PBXBuildFile; fileRef = CE4CFB4D2BE6787500E1FC75 /* OnBoardingView.swift */; };
		CE4CFB502BE6788A00E1FC75 /* OnBoardingCell.swift in Sources */ = {isa = PBXBuildFile; fileRef = CE4CFB4F2BE6788A00E1FC75 /* OnBoardingCell.swift */; };
		CEFF8DBF2BDD1F7000AAF1F6 /* AppDelegate.swift in Sources */ = {isa = PBXBuildFile; fileRef = CEFF8DBE2BDD1F7000AAF1F6 /* AppDelegate.swift */; };
		CEFF8DC12BDD1F7000AAF1F6 /* SceneDelegate.swift in Sources */ = {isa = PBXBuildFile; fileRef = CEFF8DC02BDD1F7000AAF1F6 /* SceneDelegate.swift */; };
		CEFF8DC32BDD1F7000AAF1F6 /* HomeView.swift in Sources */ = {isa = PBXBuildFile; fileRef = CEFF8DC22BDD1F7000AAF1F6 /* HomeView.swift */; };
		CEFF8DC82BDD1F7500AAF1F6 /* Assets.xcassets in Resources */ = {isa = PBXBuildFile; fileRef = CEFF8DC72BDD1F7500AAF1F6 /* Assets.xcassets */; };
		CEFF8DCB2BDD1F7500AAF1F6 /* LaunchScreen.storyboard in Resources */ = {isa = PBXBuildFile; fileRef = CEFF8DC92BDD1F7500AAF1F6 /* LaunchScreen.storyboard */; };
		CEFF8DD52BDD204E00AAF1F6 /* SnapKit in Frameworks */ = {isa = PBXBuildFile; productRef = CEFF8DD42BDD204E00AAF1F6 /* SnapKit */; };
		CEFF8DD72BDD204E00AAF1F6 /* SnapKit-Dynamic in Frameworks */ = {isa = PBXBuildFile; productRef = CEFF8DD62BDD204E00AAF1F6 /* SnapKit-Dynamic */; };
		CEFF8DD92BDD208A00AAF1F6 /* Color.swift in Sources */ = {isa = PBXBuildFile; fileRef = CEFF8DD82BDD208A00AAF1F6 /* Color.swift */; };
		CEFF8DDD2BDD229500AAF1F6 /* NoteCell.swift in Sources */ = {isa = PBXBuildFile; fileRef = CEFF8DDC2BDD229500AAF1F6 /* NoteCell.swift */; };
		CEFF8DDF2BDD2FA800AAF1F6 /* HomeController.swift in Sources */ = {isa = PBXBuildFile; fileRef = CEFF8DDE2BDD2FA800AAF1F6 /* HomeController.swift */; };
		CEFF8DE12BDD2FB500AAF1F6 /* HomeModel.swift in Sources */ = {isa = PBXBuildFile; fileRef = CEFF8DE02BDD2FB500AAF1F6 /* HomeModel.swift */; };
/* End PBXBuildFile section */

/* Begin PBXFileReference section */
		CE01E34B2BEB872C005F4912 /* Notes.xcdatamodel */ = {isa = PBXFileReference; lastKnownFileType = wrapper.xcdatamodel; path = Notes.xcdatamodel; sourceTree = "<group>"; };
		CE01E34D2BEB894C005F4912 /* Note+CoreDataClass.swift */ = {isa = PBXFileReference; lastKnownFileType = sourcecode.swift; path = "Note+CoreDataClass.swift"; sourceTree = "<group>"; };
		CE01E34E2BEB894C005F4912 /* Note+CoreDataProperties.swift */ = {isa = PBXFileReference; lastKnownFileType = sourcecode.swift; path = "Note+CoreDataProperties.swift"; sourceTree = "<group>"; };
		CE01E3532BEB8A7C005F4912 /* CoreDataService.swift */ = {isa = PBXFileReference; lastKnownFileType = sourcecode.swift; path = CoreDataService.swift; sourceTree = "<group>"; };
		CE01E3562BEB8B36005F4912 /* NoteView.swift */ = {isa = PBXFileReference; lastKnownFileType = sourcecode.swift; path = NoteView.swift; sourceTree = "<group>"; };
		CE01E3582BEB8B44005F4912 /* NoteController.swift */ = {isa = PBXFileReference; lastKnownFileType = sourcecode.swift; path = NoteController.swift; sourceTree = "<group>"; };
		CE01E35A2BEB8B51005F4912 /* NoteModel.swift */ = {isa = PBXFileReference; lastKnownFileType = sourcecode.swift; path = NoteModel.swift; sourceTree = "<group>"; };
		CE3BF3FF2BE00195009AC076 /* SettingsCell.swift */ = {isa = PBXFileReference; lastKnownFileType = sourcecode.swift; path = SettingsCell.swift; sourceTree = "<group>"; };
		CE3BF4012BE001B3009AC076 /* SettingsController.swift */ = {isa = PBXFileReference; lastKnownFileType = sourcecode.swift; path = SettingsController.swift; sourceTree = "<group>"; };
		CE3BF4032BE001C9009AC076 /* SettingsModel.swift */ = {isa = PBXFileReference; lastKnownFileType = sourcecode.swift; path = SettingsModel.swift; sourceTree = "<group>"; };
		CE4CFB4D2BE6787500E1FC75 /* OnBoardingView.swift */ = {isa = PBXFileReference; lastKnownFileType = sourcecode.swift; path = OnBoardingView.swift; sourceTree = "<group>"; };
		CE4CFB4F2BE6788A00E1FC75 /* OnBoardingCell.swift */ = {isa = PBXFileReference; lastKnownFileType = sourcecode.swift; path = OnBoardingCell.swift; sourceTree = "<group>"; };
		CEFF8DBB2BDD1F7000AAF1F6 /* HW 5 Notes.app */ = {isa = PBXFileReference; explicitFileType = wrapper.application; includeInIndex = 0; path = "HW 5 Notes.app"; sourceTree = BUILT_PRODUCTS_DIR; };
		CEFF8DBE2BDD1F7000AAF1F6 /* AppDelegate.swift */ = {isa = PBXFileReference; lastKnownFileType = sourcecode.swift; path = AppDelegate.swift; sourceTree = "<group>"; };
		CEFF8DC02BDD1F7000AAF1F6 /* SceneDelegate.swift */ = {isa = PBXFileReference; lastKnownFileType = sourcecode.swift; path = SceneDelegate.swift; sourceTree = "<group>"; };
		CEFF8DC22BDD1F7000AAF1F6 /* HomeView.swift */ = {isa = PBXFileReference; lastKnownFileType = sourcecode.swift; path = HomeView.swift; sourceTree = "<group>"; };
		CEFF8DC72BDD1F7500AAF1F6 /* Assets.xcassets */ = {isa = PBXFileReference; lastKnownFileType = folder.assetcatalog; path = Assets.xcassets; sourceTree = "<group>"; };
		CEFF8DCA2BDD1F7500AAF1F6 /* Base */ = {isa = PBXFileReference; lastKnownFileType = file.storyboard; name = Base; path = Base.lproj/LaunchScreen.storyboard; sourceTree = "<group>"; };
		CEFF8DCC2BDD1F7500AAF1F6 /* Info.plist */ = {isa = PBXFileReference; lastKnownFileType = text.plist.xml; path = Info.plist; sourceTree = "<group>"; };
		CEFF8DD82BDD208A00AAF1F6 /* Color.swift */ = {isa = PBXFileReference; lastKnownFileType = sourcecode.swift; path = Color.swift; sourceTree = "<group>"; };
		CEFF8DDC2BDD229500AAF1F6 /* NoteCell.swift */ = {isa = PBXFileReference; lastKnownFileType = sourcecode.swift; path = NoteCell.swift; sourceTree = "<group>"; };
		CEFF8DDE2BDD2FA800AAF1F6 /* HomeController.swift */ = {isa = PBXFileReference; lastKnownFileType = sourcecode.swift; path = HomeController.swift; sourceTree = "<group>"; };
		CEFF8DE02BDD2FB500AAF1F6 /* HomeModel.swift */ = {isa = PBXFileReference; lastKnownFileType = sourcecode.swift; path = HomeModel.swift; sourceTree = "<group>"; };
/* End PBXFileReference section */

/* Begin PBXFrameworksBuildPhase section */
		CEFF8DB82BDD1F7000AAF1F6 /* Frameworks */ = {
			isa = PBXFrameworksBuildPhase;
			buildActionMask = 2147483647;
			files = (
				CEFF8DD52BDD204E00AAF1F6 /* SnapKit in Frameworks */,
				CEFF8DD72BDD204E00AAF1F6 /* SnapKit-Dynamic in Frameworks */,
			);
			runOnlyForDeploymentPostprocessing = 0;
		};
/* End PBXFrameworksBuildPhase section */

/* Begin PBXGroup section */
		CE01E3512BEB8A22005F4912 /* Services */ = {
			isa = PBXGroup;
			children = (
				CE01E3522BEB8A43005F4912 /* CoreDataService */,
			);
			path = Services;
			sourceTree = "<group>";
		};
		CE01E3522BEB8A43005F4912 /* CoreDataService */ = {
			isa = PBXGroup;
			children = (
				CE01E3532BEB8A7C005F4912 /* CoreDataService.swift */,
			);
			path = CoreDataService;
			sourceTree = "<group>";
		};
		CE01E3552BEB8B1F005F4912 /* Note */ = {
			isa = PBXGroup;
			children = (
				CE01E3562BEB8B36005F4912 /* NoteView.swift */,
				CE01E3582BEB8B44005F4912 /* NoteController.swift */,
				CE01E35A2BEB8B51005F4912 /* NoteModel.swift */,
			);
			path = Note;
			sourceTree = "<group>";
		};
		CE3BF3FE2BE00169009AC076 /* Settings */ = {
			isa = PBXGroup;
			children = (
				CE3BF3FF2BE00195009AC076 /* SettingsCell.swift */,
				CE3BF4012BE001B3009AC076 /* SettingsController.swift */,
				CE3BF4032BE001C9009AC076 /* SettingsModel.swift */,
			);
			path = Settings;
			sourceTree = "<group>";
		};
		CE4CFB4C2BE6784C00E1FC75 /* OnBoarding */ = {
			isa = PBXGroup;
			children = (
				CE4CFB4D2BE6787500E1FC75 /* OnBoardingView.swift */,
				CE4CFB4F2BE6788A00E1FC75 /* OnBoardingCell.swift */,
			);
			path = OnBoarding;
			sourceTree = "<group>";
		};
		CEFF8DB22BDD1F7000AAF1F6 = {
			isa = PBXGroup;
			children = (
				CE01E34D2BEB894C005F4912 /* Note+CoreDataClass.swift */,
				CE01E34E2BEB894C005F4912 /* Note+CoreDataProperties.swift */,
				CEFF8DBD2BDD1F7000AAF1F6 /* HW 5 Notes */,
				CEFF8DBC2BDD1F7000AAF1F6 /* Products */,
			);
			sourceTree = "<group>";
		};
		CEFF8DBC2BDD1F7000AAF1F6 /* Products */ = {
			isa = PBXGroup;
			children = (
				CEFF8DBB2BDD1F7000AAF1F6 /* HW 5 Notes.app */,
			);
			name = Products;
			sourceTree = "<group>";
		};
		CEFF8DBD2BDD1F7000AAF1F6 /* HW 5 Notes */ = {
			isa = PBXGroup;
			children = (
				CE01E3512BEB8A22005F4912 /* Services */,
				CEFF8DD22BDD1FC800AAF1F6 /* AppDelegate */,
				CEFF8DDA2BDD21F000AAF1F6 /* MVC */,
				CEFF8DD82BDD208A00AAF1F6 /* Color.swift */,
				CEFF8DC72BDD1F7500AAF1F6 /* Assets.xcassets */,
				CEFF8DC92BDD1F7500AAF1F6 /* LaunchScreen.storyboard */,
				CEFF8DCC2BDD1F7500AAF1F6 /* Info.plist */,
				CE01E34A2BEB872C005F4912 /* Notes.xcdatamodeld */,
			);
			path = "HW 5 Notes";
			sourceTree = "<group>";
		};
		CEFF8DD22BDD1FC800AAF1F6 /* AppDelegate */ = {
			isa = PBXGroup;
			children = (
				CEFF8DBE2BDD1F7000AAF1F6 /* AppDelegate.swift */,
				CEFF8DC02BDD1F7000AAF1F6 /* SceneDelegate.swift */,
			);
			path = AppDelegate;
			sourceTree = "<group>";
		};
		CEFF8DDA2BDD21F000AAF1F6 /* MVC */ = {
			isa = PBXGroup;
			children = (
				CE01E3552BEB8B1F005F4912 /* Note */,
				CE4CFB4C2BE6784C00E1FC75 /* OnBoarding */,
				CE3BF3FE2BE00169009AC076 /* Settings */,
				CEFF8DDB2BDD222000AAF1F6 /* Home */,
			);
			path = MVC;
			sourceTree = "<group>";
		};
		CEFF8DDB2BDD222000AAF1F6 /* Home */ = {
			isa = PBXGroup;
			children = (
				CEFF8DC22BDD1F7000AAF1F6 /* HomeView.swift */,
				CEFF8DDE2BDD2FA800AAF1F6 /* HomeController.swift */,
				CEFF8DE02BDD2FB500AAF1F6 /* HomeModel.swift */,
				CEFF8DDC2BDD229500AAF1F6 /* NoteCell.swift */,
			);
			path = Home;
			sourceTree = "<group>";
		};
/* End PBXGroup section */

/* Begin PBXNativeTarget section */
		CEFF8DBA2BDD1F7000AAF1F6 /* HW 5 Notes */ = {
			isa = PBXNativeTarget;
			buildConfigurationList = CEFF8DCF2BDD1F7500AAF1F6 /* Build configuration list for PBXNativeTarget "HW 5 Notes" */;
			buildPhases = (
				CEFF8DB72BDD1F7000AAF1F6 /* Sources */,
				CEFF8DB82BDD1F7000AAF1F6 /* Frameworks */,
				CEFF8DB92BDD1F7000AAF1F6 /* Resources */,
			);
			buildRules = (
			);
			dependencies = (
			);
			name = "HW 5 Notes";
			packageProductDependencies = (
				CEFF8DD42BDD204E00AAF1F6 /* SnapKit */,
				CEFF8DD62BDD204E00AAF1F6 /* SnapKit-Dynamic */,
			);
			productName = "HW 5 Notes";
			productReference = CEFF8DBB2BDD1F7000AAF1F6 /* HW 5 Notes.app */;
			productType = "com.apple.product-type.application";
		};
/* End PBXNativeTarget section */

/* Begin PBXProject section */
		CEFF8DB32BDD1F7000AAF1F6 /* Project object */ = {
			isa = PBXProject;
			attributes = {
				BuildIndependentTargetsInParallel = 1;
				LastSwiftUpdateCheck = 1520;
				LastUpgradeCheck = 1520;
				TargetAttributes = {
					CEFF8DBA2BDD1F7000AAF1F6 = {
						CreatedOnToolsVersion = 15.2;
					};
				};
			};
			buildConfigurationList = CEFF8DB62BDD1F7000AAF1F6 /* Build configuration list for PBXProject "HW 5 Notes" */;
			compatibilityVersion = "Xcode 14.0";
			developmentRegion = en;
			hasScannedForEncodings = 0;
			knownRegions = (
				en,
				Base,
			);
			mainGroup = CEFF8DB22BDD1F7000AAF1F6;
			packageReferences = (
				CEFF8DD32BDD204E00AAF1F6 /* XCRemoteSwiftPackageReference "SnapKit" */,
			);
			productRefGroup = CEFF8DBC2BDD1F7000AAF1F6 /* Products */;
			projectDirPath = "";
			projectRoot = "";
			targets = (
				CEFF8DBA2BDD1F7000AAF1F6 /* HW 5 Notes */,
			);
		};
/* End PBXProject section */

/* Begin PBXResourcesBuildPhase section */
		CEFF8DB92BDD1F7000AAF1F6 /* Resources */ = {
			isa = PBXResourcesBuildPhase;
			buildActionMask = 2147483647;
			files = (
				CEFF8DCB2BDD1F7500AAF1F6 /* LaunchScreen.storyboard in Resources */,
				CEFF8DC82BDD1F7500AAF1F6 /* Assets.xcassets in Resources */,
			);
			runOnlyForDeploymentPostprocessing = 0;
		};
/* End PBXResourcesBuildPhase section */

/* Begin PBXSourcesBuildPhase section */
		CEFF8DB72BDD1F7000AAF1F6 /* Sources */ = {
			isa = PBXSourcesBuildPhase;
			buildActionMask = 2147483647;
			files = (
				CE3BF4022BE001B3009AC076 /* SettingsController.swift in Sources */,
				CE01E34F2BEB894C005F4912 /* Note+CoreDataClass.swift in Sources */,
				CEFF8DC32BDD1F7000AAF1F6 /* HomeView.swift in Sources */,
				CE3BF4002BE00195009AC076 /* SettingsCell.swift in Sources */,
				CE01E3542BEB8A7C005F4912 /* CoreDataService.swift in Sources */,
				CE01E34C2BEB872C005F4912 /* Notes.xcdatamodeld in Sources */,
				CEFF8DD92BDD208A00AAF1F6 /* Color.swift in Sources */,
				CE01E3592BEB8B44005F4912 /* NoteController.swift in Sources */,
				CEFF8DDF2BDD2FA800AAF1F6 /* HomeController.swift in Sources */,
				CE01E35B2BEB8B51005F4912 /* NoteModel.swift in Sources */,
				CE4CFB4E2BE6787500E1FC75 /* OnBoardingView.swift in Sources */,
				CEFF8DE12BDD2FB500AAF1F6 /* HomeModel.swift in Sources */,
				CE3BF4042BE001C9009AC076 /* SettingsModel.swift in Sources */,
				CEFF8DDD2BDD229500AAF1F6 /* NoteCell.swift in Sources */,
				CE01E3572BEB8B36005F4912 /* NoteView.swift in Sources */,
				CEFF8DBF2BDD1F7000AAF1F6 /* AppDelegate.swift in Sources */,
				CE4CFB502BE6788A00E1FC75 /* OnBoardingCell.swift in Sources */,
				CEFF8DC12BDD1F7000AAF1F6 /* SceneDelegate.swift in Sources */,
				CE01E3502BEB894C005F4912 /* Note+CoreDataProperties.swift in Sources */,
			);
			runOnlyForDeploymentPostprocessing = 0;
		};
/* End PBXSourcesBuildPhase section */

/* Begin PBXVariantGroup section */
		CEFF8DC92BDD1F7500AAF1F6 /* LaunchScreen.storyboard */ = {
			isa = PBXVariantGroup;
			children = (
				CEFF8DCA2BDD1F7500AAF1F6 /* Base */,
			);
			name = LaunchScreen.storyboard;
			sourceTree = "<group>";
		};
/* End PBXVariantGroup section */

/* Begin XCBuildConfiguration section */
		CEFF8DCD2BDD1F7500AAF1F6 /* Debug */ = {
			isa = XCBuildConfiguration;
			buildSettings = {
				ALWAYS_SEARCH_USER_PATHS = NO;
				ASSETCATALOG_COMPILER_GENERATE_SWIFT_ASSET_SYMBOL_EXTENSIONS = YES;
				CLANG_ANALYZER_NONNULL = YES;
				CLANG_ANALYZER_NUMBER_OBJECT_CONVERSION = YES_AGGRESSIVE;
				CLANG_CXX_LANGUAGE_STANDARD = "gnu++20";
				CLANG_ENABLE_MODULES = YES;
				CLANG_ENABLE_OBJC_ARC = YES;
				CLANG_ENABLE_OBJC_WEAK = YES;
				CLANG_WARN_BLOCK_CAPTURE_AUTORELEASING = YES;
				CLANG_WARN_BOOL_CONVERSION = YES;
				CLANG_WARN_COMMA = YES;
				CLANG_WARN_CONSTANT_CONVERSION = YES;
				CLANG_WARN_DEPRECATED_OBJC_IMPLEMENTATIONS = YES;
				CLANG_WARN_DIRECT_OBJC_ISA_USAGE = YES_ERROR;
				CLANG_WARN_DOCUMENTATION_COMMENTS = YES;
				CLANG_WARN_EMPTY_BODY = YES;
				CLANG_WARN_ENUM_CONVERSION = YES;
				CLANG_WARN_INFINITE_RECURSION = YES;
				CLANG_WARN_INT_CONVERSION = YES;
				CLANG_WARN_NON_LITERAL_NULL_CONVERSION = YES;
				CLANG_WARN_OBJC_IMPLICIT_RETAIN_SELF = YES;
				CLANG_WARN_OBJC_LITERAL_CONVERSION = YES;
				CLANG_WARN_OBJC_ROOT_CLASS = YES_ERROR;
				CLANG_WARN_QUOTED_INCLUDE_IN_FRAMEWORK_HEADER = YES;
				CLANG_WARN_RANGE_LOOP_ANALYSIS = YES;
				CLANG_WARN_STRICT_PROTOTYPES = YES;
				CLANG_WARN_SUSPICIOUS_MOVE = YES;
				CLANG_WARN_UNGUARDED_AVAILABILITY = YES_AGGRESSIVE;
				CLANG_WARN_UNREACHABLE_CODE = YES;
				CLANG_WARN__DUPLICATE_METHOD_MATCH = YES;
				COPY_PHASE_STRIP = NO;
				DEBUG_INFORMATION_FORMAT = dwarf;
				ENABLE_STRICT_OBJC_MSGSEND = YES;
				ENABLE_TESTABILITY = YES;
				ENABLE_USER_SCRIPT_SANDBOXING = YES;
				GCC_C_LANGUAGE_STANDARD = gnu17;
				GCC_DYNAMIC_NO_PIC = NO;
				GCC_NO_COMMON_BLOCKS = YES;
				GCC_OPTIMIZATION_LEVEL = 0;
				GCC_PREPROCESSOR_DEFINITIONS = (
					"DEBUG=1",
					"$(inherited)",
				);
				GCC_WARN_64_TO_32_BIT_CONVERSION = YES;
				GCC_WARN_ABOUT_RETURN_TYPE = YES_ERROR;
				GCC_WARN_UNDECLARED_SELECTOR = YES;
				GCC_WARN_UNINITIALIZED_AUTOS = YES_AGGRESSIVE;
				GCC_WARN_UNUSED_FUNCTION = YES;
				GCC_WARN_UNUSED_VARIABLE = YES;
				IPHONEOS_DEPLOYMENT_TARGET = 17.2;
				LOCALIZATION_PREFERS_STRING_CATALOGS = YES;
				MTL_ENABLE_DEBUG_INFO = INCLUDE_SOURCE;
				MTL_FAST_MATH = YES;
				ONLY_ACTIVE_ARCH = YES;
				SDKROOT = iphoneos;
				SWIFT_ACTIVE_COMPILATION_CONDITIONS = "DEBUG $(inherited)";
				SWIFT_OPTIMIZATION_LEVEL = "-Onone";
			};
			name = Debug;
		};
		CEFF8DCE2BDD1F7500AAF1F6 /* Release */ = {
			isa = XCBuildConfiguration;
			buildSettings = {
				ALWAYS_SEARCH_USER_PATHS = NO;
				ASSETCATALOG_COMPILER_GENERATE_SWIFT_ASSET_SYMBOL_EXTENSIONS = YES;
				CLANG_ANALYZER_NONNULL = YES;
				CLANG_ANALYZER_NUMBER_OBJECT_CONVERSION = YES_AGGRESSIVE;
				CLANG_CXX_LANGUAGE_STANDARD = "gnu++20";
				CLANG_ENABLE_MODULES = YES;
				CLANG_ENABLE_OBJC_ARC = YES;
				CLANG_ENABLE_OBJC_WEAK = YES;
				CLANG_WARN_BLOCK_CAPTURE_AUTORELEASING = YES;
				CLANG_WARN_BOOL_CONVERSION = YES;
				CLANG_WARN_COMMA = YES;
				CLANG_WARN_CONSTANT_CONVERSION = YES;
				CLANG_WARN_DEPRECATED_OBJC_IMPLEMENTATIONS = YES;
				CLANG_WARN_DIRECT_OBJC_ISA_USAGE = YES_ERROR;
				CLANG_WARN_DOCUMENTATION_COMMENTS = YES;
				CLANG_WARN_EMPTY_BODY = YES;
				CLANG_WARN_ENUM_CONVERSION = YES;
				CLANG_WARN_INFINITE_RECURSION = YES;
				CLANG_WARN_INT_CONVERSION = YES;
				CLANG_WARN_NON_LITERAL_NULL_CONVERSION = YES;
				CLANG_WARN_OBJC_IMPLICIT_RETAIN_SELF = YES;
				CLANG_WARN_OBJC_LITERAL_CONVERSION = YES;
				CLANG_WARN_OBJC_ROOT_CLASS = YES_ERROR;
				CLANG_WARN_QUOTED_INCLUDE_IN_FRAMEWORK_HEADER = YES;
				CLANG_WARN_RANGE_LOOP_ANALYSIS = YES;
				CLANG_WARN_STRICT_PROTOTYPES = YES;
				CLANG_WARN_SUSPICIOUS_MOVE = YES;
				CLANG_WARN_UNGUARDED_AVAILABILITY = YES_AGGRESSIVE;
				CLANG_WARN_UNREACHABLE_CODE = YES;
				CLANG_WARN__DUPLICATE_METHOD_MATCH = YES;
				COPY_PHASE_STRIP = NO;
				DEBUG_INFORMATION_FORMAT = "dwarf-with-dsym";
				ENABLE_NS_ASSERTIONS = NO;
				ENABLE_STRICT_OBJC_MSGSEND = YES;
				ENABLE_USER_SCRIPT_SANDBOXING = YES;
				GCC_C_LANGUAGE_STANDARD = gnu17;
				GCC_NO_COMMON_BLOCKS = YES;
				GCC_WARN_64_TO_32_BIT_CONVERSION = YES;
				GCC_WARN_ABOUT_RETURN_TYPE = YES_ERROR;
				GCC_WARN_UNDECLARED_SELECTOR = YES;
				GCC_WARN_UNINITIALIZED_AUTOS = YES_AGGRESSIVE;
				GCC_WARN_UNUSED_FUNCTION = YES;
				GCC_WARN_UNUSED_VARIABLE = YES;
				IPHONEOS_DEPLOYMENT_TARGET = 17.2;
				LOCALIZATION_PREFERS_STRING_CATALOGS = YES;
				MTL_ENABLE_DEBUG_INFO = NO;
				MTL_FAST_MATH = YES;
				SDKROOT = iphoneos;
				SWIFT_COMPILATION_MODE = wholemodule;
				VALIDATE_PRODUCT = YES;
			};
			name = Release;
		};
		CEFF8DD02BDD1F7500AAF1F6 /* Debug */ = {
			isa = XCBuildConfiguration;
			buildSettings = {
				ASSETCATALOG_COMPILER_APPICON_NAME = AppIcon;
				ASSETCATALOG_COMPILER_GLOBAL_ACCENT_COLOR_NAME = AccentColor;
				CODE_SIGN_STYLE = Automatic;
				CURRENT_PROJECT_VERSION = 1;
				DEVELOPMENT_TEAM = 4T659T854N;
				GENERATE_INFOPLIST_FILE = YES;
				INFOPLIST_FILE = "HW 5 Notes/Info.plist";
				INFOPLIST_KEY_UIApplicationSupportsIndirectInputEvents = YES;
				INFOPLIST_KEY_UILaunchStoryboardName = LaunchScreen;
				INFOPLIST_KEY_UISupportedInterfaceOrientations_iPad = "UIInterfaceOrientationPortrait UIInterfaceOrientationPortraitUpsideDown UIInterfaceOrientationLandscapeLeft UIInterfaceOrientationLandscapeRight";
				INFOPLIST_KEY_UISupportedInterfaceOrientations_iPhone = "UIInterfaceOrientationPortrait UIInterfaceOrientationLandscapeLeft UIInterfaceOrientationLandscapeRight";
				LD_RUNPATH_SEARCH_PATHS = (
					"$(inherited)",
					"@executable_path/Frameworks",
				);
				MARKETING_VERSION = 1.0;
				PRODUCT_BUNDLE_IDENTIFIER = "com.example.HW-5-Notes";
				PRODUCT_NAME = "$(TARGET_NAME)";
				SWIFT_EMIT_LOC_STRINGS = YES;
				SWIFT_VERSION = 5.0;
				TARGETED_DEVICE_FAMILY = "1,2";
			};
			name = Debug;
		};
		CEFF8DD12BDD1F7500AAF1F6 /* Release */ = {
			isa = XCBuildConfiguration;
			buildSettings = {
				ASSETCATALOG_COMPILER_APPICON_NAME = AppIcon;
				ASSETCATALOG_COMPILER_GLOBAL_ACCENT_COLOR_NAME = AccentColor;
				CODE_SIGN_STYLE = Automatic;
				CURRENT_PROJECT_VERSION = 1;
				DEVELOPMENT_TEAM = 4T659T854N;
				GENERATE_INFOPLIST_FILE = YES;
				INFOPLIST_FILE = "HW 5 Notes/Info.plist";
				INFOPLIST_KEY_UIApplicationSupportsIndirectInputEvents = YES;
				INFOPLIST_KEY_UILaunchStoryboardName = LaunchScreen;
				INFOPLIST_KEY_UISupportedInterfaceOrientations_iPad = "UIInterfaceOrientationPortrait UIInterfaceOrientationPortraitUpsideDown UIInterfaceOrientationLandscapeLeft UIInterfaceOrientationLandscapeRight";
				INFOPLIST_KEY_UISupportedInterfaceOrientations_iPhone = "UIInterfaceOrientationPortrait UIInterfaceOrientationLandscapeLeft UIInterfaceOrientationLandscapeRight";
				LD_RUNPATH_SEARCH_PATHS = (
					"$(inherited)",
					"@executable_path/Frameworks",
				);
				MARKETING_VERSION = 1.0;
				PRODUCT_BUNDLE_IDENTIFIER = "com.example.HW-5-Notes";
				PRODUCT_NAME = "$(TARGET_NAME)";
				SWIFT_EMIT_LOC_STRINGS = YES;
				SWIFT_VERSION = 5.0;
				TARGETED_DEVICE_FAMILY = "1,2";
			};
			name = Release;
		};
/* End XCBuildConfiguration section */

/* Begin XCConfigurationList section */
		CEFF8DB62BDD1F7000AAF1F6 /* Build configuration list for PBXProject "HW 5 Notes" */ = {
			isa = XCConfigurationList;
			buildConfigurations = (
				CEFF8DCD2BDD1F7500AAF1F6 /* Debug */,
				CEFF8DCE2BDD1F7500AAF1F6 /* Release */,
			);
			defaultConfigurationIsVisible = 0;
			defaultConfigurationName = Release;
		};
		CEFF8DCF2BDD1F7500AAF1F6 /* Build configuration list for PBXNativeTarget "HW 5 Notes" */ = {
			isa = XCConfigurationList;
			buildConfigurations = (
				CEFF8DD02BDD1F7500AAF1F6 /* Debug */,
				CEFF8DD12BDD1F7500AAF1F6 /* Release */,
			);
			defaultConfigurationIsVisible = 0;
			defaultConfigurationName = Release;
		};
/* End XCConfigurationList section */

/* Begin XCRemoteSwiftPackageReference section */
		CEFF8DD32BDD204E00AAF1F6 /* XCRemoteSwiftPackageReference "SnapKit" */ = {
			isa = XCRemoteSwiftPackageReference;
			repositoryURL = "https://github.com/SnapKit/SnapKit.git";
			requirement = {
				kind = upToNextMajorVersion;
				minimumVersion = 5.7.1;
			};
		};
/* End XCRemoteSwiftPackageReference section */

/* Begin XCSwiftPackageProductDependency section */
		CEFF8DD42BDD204E00AAF1F6 /* SnapKit */ = {
			isa = XCSwiftPackageProductDependency;
			package = CEFF8DD32BDD204E00AAF1F6 /* XCRemoteSwiftPackageReference "SnapKit" */;
			productName = SnapKit;
		};
		CEFF8DD62BDD204E00AAF1F6 /* SnapKit-Dynamic */ = {
			isa = XCSwiftPackageProductDependency;
			package = CEFF8DD32BDD204E00AAF1F6 /* XCRemoteSwiftPackageReference "SnapKit" */;
			productName = "SnapKit-Dynamic";
		};
/* End XCSwiftPackageProductDependency section */

/* Begin XCVersionGroup section */
		CE01E34A2BEB872C005F4912 /* Notes.xcdatamodeld */ = {
			isa = XCVersionGroup;
			children = (
				CE01E34B2BEB872C005F4912 /* Notes.xcdatamodel */,
			);
			currentVersion = CE01E34B2BEB872C005F4912 /* Notes.xcdatamodel */;
			path = Notes.xcdatamodeld;
			sourceTree = "<group>";
			versionGroupType = wrapper.xcdatamodel;
		};
/* End XCVersionGroup section */
	};
	rootObject = CEFF8DB32BDD1F7000AAF1F6 /* Project object */;
}
